// !$*UTF8*$!
{
	archiveVersion = 1;
	classes = {
	};
	objectVersion = 46;
	objects = {

/* Begin PBXBuildFile section */
		65DF19731A1DD82400EB02A2 /* main.m in Sources */ = {isa = PBXBuildFile; fileRef = 65DF19721A1DD82400EB02A2 /* main.m */; };
		65DF19761A1DD82400EB02A2 /* AppDelegate.m in Sources */ = {isa = PBXBuildFile; fileRef = 65DF19751A1DD82400EB02A2 /* AppDelegate.m */; };
		65DF19791A1DD82400EB02A2 /* ViewController.m in Sources */ = {isa = PBXBuildFile; fileRef = 65DF19781A1DD82400EB02A2 /* ViewController.m */; };
		65DF197C1A1DD82400EB02A2 /* Main.storyboard in Resources */ = {isa = PBXBuildFile; fileRef = 65DF197A1A1DD82400EB02A2 /* Main.storyboard */; };
		65DF197E1A1DD82400EB02A2 /* Images.xcassets in Resources */ = {isa = PBXBuildFile; fileRef = 65DF197D1A1DD82400EB02A2 /* Images.xcassets */; };
		65DF19811A1DD82400EB02A2 /* LaunchScreen.xib in Resources */ = {isa = PBXBuildFile; fileRef = 65DF197F1A1DD82400EB02A2 /* LaunchScreen.xib */; };
		65DF198D1A1DD82400EB02A2 /* WatchDemoTests.m in Sources */ = {isa = PBXBuildFile; fileRef = 65DF198C1A1DD82400EB02A2 /* WatchDemoTests.m */; };
		65DF199D1A1DDA4700EB02A2 /* WatchKit.framework in Frameworks */ = {isa = PBXBuildFile; fileRef = 65DF199C1A1DDA4700EB02A2 /* WatchKit.framework */; };
		65DF19A41A1DDA4700EB02A2 /* InterfaceController.m in Sources */ = {isa = PBXBuildFile; fileRef = 65DF19A31A1DDA4700EB02A2 /* InterfaceController.m */; };
		65DF19A71A1DDA4700EB02A2 /* NotificationController.m in Sources */ = {isa = PBXBuildFile; fileRef = 65DF19A61A1DDA4700EB02A2 /* NotificationController.m */; };
		65DF19AA1A1DDA4700EB02A2 /* GlanceController.m in Sources */ = {isa = PBXBuildFile; fileRef = 65DF19A91A1DDA4700EB02A2 /* GlanceController.m */; };
		65DF19AC1A1DDA4700EB02A2 /* Images.xcassets in Resources */ = {isa = PBXBuildFile; fileRef = 65DF19AB1A1DDA4700EB02A2 /* Images.xcassets */; };
		65DF19B01A1DDA4700EB02A2 /* WatchDemo Watch App.app in Resources */ = {isa = PBXBuildFile; fileRef = 65DF19AF1A1DDA4700EB02A2 /* WatchDemo Watch App.app */; };
		65DF19B71A1DDA4700EB02A2 /* Interface.storyboard in Resources */ = {isa = PBXBuildFile; fileRef = 65DF19B61A1DDA4700EB02A2 /* Interface.storyboard */; };
		65DF19B91A1DDA4700EB02A2 /* Images.xcassets in Resources */ = {isa = PBXBuildFile; fileRef = 65DF19B81A1DDA4700EB02A2 /* Images.xcassets */; };
		65DF19BC1A1DDA4700EB02A2 /* WatchDemo WatchKit Extension.appex in Embed App Extensions */ = {isa = PBXBuildFile; fileRef = 65DF199A1A1DDA4700EB02A2 /* WatchDemo WatchKit Extension.appex */; settings = {ATTRIBUTES = (RemoveHeadersOnCopy, ); }; };
/* End PBXBuildFile section */

/* Begin PBXContainerItemProxy section */
		65DF19871A1DD82400EB02A2 /* PBXContainerItemProxy */ = {
			isa = PBXContainerItemProxy;
			containerPortal = 65DF19651A1DD82400EB02A2 /* Project object */;
			proxyType = 1;
			remoteGlobalIDString = 65DF196C1A1DD82400EB02A2;
			remoteInfo = WatchDemo;
		};
		65DF19B11A1DDA4700EB02A2 /* PBXContainerItemProxy */ = {
			isa = PBXContainerItemProxy;
			containerPortal = 65DF19651A1DD82400EB02A2 /* Project object */;
			proxyType = 1;
			remoteGlobalIDString = 65DF19AE1A1DDA4700EB02A2;
			remoteInfo = "WatchDemo Watch App";
		};
		65DF19BA1A1DDA4700EB02A2 /* PBXContainerItemProxy */ = {
			isa = PBXContainerItemProxy;
			containerPortal = 65DF19651A1DD82400EB02A2 /* Project object */;
			proxyType = 1;
			remoteGlobalIDString = 65DF19991A1DDA4700EB02A2;
			remoteInfo = "WatchDemo WatchKit Extension";
		};
/* End PBXContainerItemProxy section */

/* Begin PBXCopyFilesBuildPhase section */
		65DF19C31A1DDA4700EB02A2 /* Embed App Extensions */ = {
			isa = PBXCopyFilesBuildPhase;
			buildActionMask = 2147483647;
			dstPath = "";
			dstSubfolderSpec = 13;
			files = (
				65DF19BC1A1DDA4700EB02A2 /* WatchDemo WatchKit Extension.appex in Embed App Extensions */,
			);
			name = "Embed App Extensions";
			runOnlyForDeploymentPostprocessing = 0;
		};
/* End PBXCopyFilesBuildPhase section */

/* Begin PBXFileReference section */
		65DF196D1A1DD82400EB02A2 /* WatchDemo.app */ = {isa = PBXFileReference; explicitFileType = wrapper.application; includeInIndex = 0; path = WatchDemo.app; sourceTree = BUILT_PRODUCTS_DIR; };
		65DF19711A1DD82400EB02A2 /* Info.plist */ = {isa = PBXFileReference; lastKnownFileType = text.plist.xml; path = Info.plist; sourceTree = "<group>"; };
		65DF19721A1DD82400EB02A2 /* main.m */ = {isa = PBXFileReference; lastKnownFileType = sourcecode.c.objc; path = main.m; sourceTree = "<group>"; };
		65DF19741A1DD82400EB02A2 /* AppDelegate.h */ = {isa = PBXFileReference; lastKnownFileType = sourcecode.c.h; path = AppDelegate.h; sourceTree = "<group>"; };
		65DF19751A1DD82400EB02A2 /* AppDelegate.m */ = {isa = PBXFileReference; lastKnownFileType = sourcecode.c.objc; path = AppDelegate.m; sourceTree = "<group>"; };
		65DF19771A1DD82400EB02A2 /* ViewController.h */ = {isa = PBXFileReference; lastKnownFileType = sourcecode.c.h; path = ViewController.h; sourceTree = "<group>"; };
		65DF19781A1DD82400EB02A2 /* ViewController.m */ = {isa = PBXFileReference; lastKnownFileType = sourcecode.c.objc; path = ViewController.m; sourceTree = "<group>"; };
		65DF197B1A1DD82400EB02A2 /* Base */ = {isa = PBXFileReference; lastKnownFileType = file.storyboard; name = Base; path = Base.lproj/Main.storyboard; sourceTree = "<group>"; };
		65DF197D1A1DD82400EB02A2 /* Images.xcassets */ = {isa = PBXFileReference; lastKnownFileType = folder.assetcatalog; path = Images.xcassets; sourceTree = "<group>"; };
		65DF19801A1DD82400EB02A2 /* Base */ = {isa = PBXFileReference; lastKnownFileType = file.xib; name = Base; path = Base.lproj/LaunchScreen.xib; sourceTree = "<group>"; };
		65DF19861A1DD82400EB02A2 /* WatchDemoTests.xctest */ = {isa = PBXFileReference; explicitFileType = wrapper.cfbundle; includeInIndex = 0; path = WatchDemoTests.xctest; sourceTree = BUILT_PRODUCTS_DIR; };
		65DF198B1A1DD82400EB02A2 /* Info.plist */ = {isa = PBXFileReference; lastKnownFileType = text.plist.xml; path = Info.plist; sourceTree = "<group>"; };
		65DF198C1A1DD82400EB02A2 /* WatchDemoTests.m */ = {isa = PBXFileReference; lastKnownFileType = sourcecode.c.objc; path = WatchDemoTests.m; sourceTree = "<group>"; };
		65DF199A1A1DDA4700EB02A2 /* WatchDemo WatchKit Extension.appex */ = {isa = PBXFileReference; explicitFileType = "wrapper.app-extension"; includeInIndex = 0; path = "WatchDemo WatchKit Extension.appex"; sourceTree = BUILT_PRODUCTS_DIR; };
		65DF199C1A1DDA4700EB02A2 /* WatchKit.framework */ = {isa = PBXFileReference; lastKnownFileType = wrapper.framework; name = WatchKit.framework; path = System/Library/Frameworks/WatchKit.framework; sourceTree = SDKROOT; };
		65DF19A01A1DDA4700EB02A2 /* Info.plist */ = {isa = PBXFileReference; lastKnownFileType = text.plist.xml; path = Info.plist; sourceTree = "<group>"; };
		65DF19A11A1DDA4700EB02A2 /* PushNotificationPayload.json */ = {isa = PBXFileReference; lastKnownFileType = text.json; path = PushNotificationPayload.json; sourceTree = "<group>"; };
		65DF19A21A1DDA4700EB02A2 /* InterfaceController.h */ = {isa = PBXFileReference; lastKnownFileType = sourcecode.c.h; path = InterfaceController.h; sourceTree = "<group>"; };
		65DF19A31A1DDA4700EB02A2 /* InterfaceController.m */ = {isa = PBXFileReference; lastKnownFileType = sourcecode.c.objc; path = InterfaceController.m; sourceTree = "<group>"; };
		65DF19A51A1DDA4700EB02A2 /* NotificationController.h */ = {isa = PBXFileReference; lastKnownFileType = sourcecode.c.h; path = NotificationController.h; sourceTree = "<group>"; };
		65DF19A61A1DDA4700EB02A2 /* NotificationController.m */ = {isa = PBXFileReference; lastKnownFileType = sourcecode.c.objc; path = NotificationController.m; sourceTree = "<group>"; };
		65DF19A81A1DDA4700EB02A2 /* GlanceController.h */ = {isa = PBXFileReference; lastKnownFileType = sourcecode.c.h; path = GlanceController.h; sourceTree = "<group>"; };
		65DF19A91A1DDA4700EB02A2 /* GlanceController.m */ = {isa = PBXFileReference; lastKnownFileType = sourcecode.c.objc; path = GlanceController.m; sourceTree = "<group>"; };
		65DF19AB1A1DDA4700EB02A2 /* Images.xcassets */ = {isa = PBXFileReference; lastKnownFileType = folder.assetcatalog; path = Images.xcassets; sourceTree = "<group>"; };
		65DF19AF1A1DDA4700EB02A2 /* WatchDemo Watch App.app */ = {isa = PBXFileReference; explicitFileType = wrapper.application; includeInIndex = 0; path = "WatchDemo Watch App.app"; sourceTree = BUILT_PRODUCTS_DIR; };
		65DF19B51A1DDA4700EB02A2 /* Info.plist */ = {isa = PBXFileReference; lastKnownFileType = text.plist.xml; path = Info.plist; sourceTree = "<group>"; };
		65DF19B61A1DDA4700EB02A2 /* Interface.storyboard */ = {isa = PBXFileReference; lastKnownFileType = file.storyboard; path = Interface.storyboard; sourceTree = "<group>"; };
		65DF19B81A1DDA4700EB02A2 /* Images.xcassets */ = {isa = PBXFileReference; lastKnownFileType = folder.assetcatalog; path = Images.xcassets; sourceTree = "<group>"; };
/* End PBXFileReference section */

/* Begin PBXFrameworksBuildPhase section */
		65DF196A1A1DD82400EB02A2 /* Frameworks */ = {
			isa = PBXFrameworksBuildPhase;
			buildActionMask = 2147483647;
			files = (
			);
			runOnlyForDeploymentPostprocessing = 0;
		};
		65DF19831A1DD82400EB02A2 /* Frameworks */ = {
			isa = PBXFrameworksBuildPhase;
			buildActionMask = 2147483647;
			files = (
			);
			runOnlyForDeploymentPostprocessing = 0;
		};
		65DF19971A1DDA4700EB02A2 /* Frameworks */ = {
			isa = PBXFrameworksBuildPhase;
			buildActionMask = 2147483647;
			files = (
				65DF199D1A1DDA4700EB02A2 /* WatchKit.framework in Frameworks */,
			);
			runOnlyForDeploymentPostprocessing = 0;
		};
/* End PBXFrameworksBuildPhase section */

/* Begin PBXGroup section */
		65DF19641A1DD82400EB02A2 = {
			isa = PBXGroup;
			children = (
				65DF196F1A1DD82400EB02A2 /* WatchDemo */,
				65DF19891A1DD82400EB02A2 /* WatchDemoTests */,
				65DF199E1A1DDA4700EB02A2 /* WatchDemo WatchKit Extension */,
				65DF19B31A1DDA4700EB02A2 /* WatchDemo Watch App */,
				65DF199B1A1DDA4700EB02A2 /* Frameworks */,
				65DF196E1A1DD82400EB02A2 /* Products */,
			);
			sourceTree = "<group>";
		};
		65DF196E1A1DD82400EB02A2 /* Products */ = {
			isa = PBXGroup;
			children = (
				65DF196D1A1DD82400EB02A2 /* WatchDemo.app */,
				65DF19861A1DD82400EB02A2 /* WatchDemoTests.xctest */,
				65DF199A1A1DDA4700EB02A2 /* WatchDemo WatchKit Extension.appex */,
				65DF19AF1A1DDA4700EB02A2 /* WatchDemo Watch App.app */,
			);
			name = Products;
			sourceTree = "<group>";
		};
		65DF196F1A1DD82400EB02A2 /* WatchDemo */ = {
			isa = PBXGroup;
			children = (
				65DF19741A1DD82400EB02A2 /* AppDelegate.h */,
				65DF19751A1DD82400EB02A2 /* AppDelegate.m */,
				65DF19771A1DD82400EB02A2 /* ViewController.h */,
				65DF19781A1DD82400EB02A2 /* ViewController.m */,
				65DF197A1A1DD82400EB02A2 /* Main.storyboard */,
				65DF197D1A1DD82400EB02A2 /* Images.xcassets */,
				65DF197F1A1DD82400EB02A2 /* LaunchScreen.xib */,
				65DF19701A1DD82400EB02A2 /* Supporting Files */,
			);
			path = WatchDemo;
			sourceTree = "<group>";
		};
		65DF19701A1DD82400EB02A2 /* Supporting Files */ = {
			isa = PBXGroup;
			children = (
				65DF19711A1DD82400EB02A2 /* Info.plist */,
				65DF19721A1DD82400EB02A2 /* main.m */,
			);
			name = "Supporting Files";
			sourceTree = "<group>";
		};
		65DF19891A1DD82400EB02A2 /* WatchDemoTests */ = {
			isa = PBXGroup;
			children = (
				65DF198C1A1DD82400EB02A2 /* WatchDemoTests.m */,
				65DF198A1A1DD82400EB02A2 /* Supporting Files */,
			);
			path = WatchDemoTests;
			sourceTree = "<group>";
		};
		65DF198A1A1DD82400EB02A2 /* Supporting Files */ = {
			isa = PBXGroup;
			children = (
				65DF198B1A1DD82400EB02A2 /* Info.plist */,
			);
			name = "Supporting Files";
			sourceTree = "<group>";
		};
		65DF199B1A1DDA4700EB02A2 /* Frameworks */ = {
			isa = PBXGroup;
			children = (
				65DF199C1A1DDA4700EB02A2 /* WatchKit.framework */,
			);
			name = Frameworks;
			sourceTree = "<group>";
		};
		65DF199E1A1DDA4700EB02A2 /* WatchDemo WatchKit Extension */ = {
			isa = PBXGroup;
			children = (
				65DF19A21A1DDA4700EB02A2 /* InterfaceController.h */,
				65DF19A31A1DDA4700EB02A2 /* InterfaceController.m */,
				65DF19A51A1DDA4700EB02A2 /* NotificationController.h */,
				65DF19A61A1DDA4700EB02A2 /* NotificationController.m */,
				65DF19A81A1DDA4700EB02A2 /* GlanceController.h */,
				65DF19A91A1DDA4700EB02A2 /* GlanceController.m */,
				65DF19AB1A1DDA4700EB02A2 /* Images.xcassets */,
				65DF199F1A1DDA4700EB02A2 /* Supporting Files */,
			);
			path = "WatchDemo WatchKit Extension";
			sourceTree = "<group>";
		};
		65DF199F1A1DDA4700EB02A2 /* Supporting Files */ = {
			isa = PBXGroup;
			children = (
				65DF19A01A1DDA4700EB02A2 /* Info.plist */,
				65DF19A11A1DDA4700EB02A2 /* PushNotificationPayload.json */,
			);
			name = "Supporting Files";
			sourceTree = "<group>";
		};
		65DF19B31A1DDA4700EB02A2 /* WatchDemo Watch App */ = {
			isa = PBXGroup;
			children = (
				65DF19B61A1DDA4700EB02A2 /* Interface.storyboard */,
				65DF19B81A1DDA4700EB02A2 /* Images.xcassets */,
				65DF19B41A1DDA4700EB02A2 /* Supporting Files */,
			);
			path = "WatchDemo Watch App";
			sourceTree = "<group>";
		};
		65DF19B41A1DDA4700EB02A2 /* Supporting Files */ = {
			isa = PBXGroup;
			children = (
				65DF19B51A1DDA4700EB02A2 /* Info.plist */,
			);
			name = "Supporting Files";
			sourceTree = "<group>";
		};
/* End PBXGroup section */

/* Begin PBXNativeTarget section */
		65DF196C1A1DD82400EB02A2 /* WatchDemo */ = {
			isa = PBXNativeTarget;
			buildConfigurationList = 65DF19901A1DD82400EB02A2 /* Build configuration list for PBXNativeTarget "WatchDemo" */;
			buildPhases = (
				65DF19691A1DD82400EB02A2 /* Sources */,
				65DF196A1A1DD82400EB02A2 /* Frameworks */,
				65DF196B1A1DD82400EB02A2 /* Resources */,
				65DF19C31A1DDA4700EB02A2 /* Embed App Extensions */,
			);
			buildRules = (
			);
			dependencies = (
				65DF19BB1A1DDA4700EB02A2 /* PBXTargetDependency */,
			);
			name = WatchDemo;
			productName = WatchDemo;
			productReference = 65DF196D1A1DD82400EB02A2 /* WatchDemo.app */;
			productType = "com.apple.product-type.application";
		};
		65DF19851A1DD82400EB02A2 /* WatchDemoTests */ = {
			isa = PBXNativeTarget;
			buildConfigurationList = 65DF19931A1DD82400EB02A2 /* Build configuration list for PBXNativeTarget "WatchDemoTests" */;
			buildPhases = (
				65DF19821A1DD82400EB02A2 /* Sources */,
				65DF19831A1DD82400EB02A2 /* Frameworks */,
				65DF19841A1DD82400EB02A2 /* Resources */,
			);
			buildRules = (
			);
			dependencies = (
				65DF19881A1DD82400EB02A2 /* PBXTargetDependency */,
			);
			name = WatchDemoTests;
			productName = WatchDemoTests;
			productReference = 65DF19861A1DD82400EB02A2 /* WatchDemoTests.xctest */;
			productType = "com.apple.product-type.bundle.unit-test";
		};
		65DF19991A1DDA4700EB02A2 /* WatchDemo WatchKit Extension */ = {
			isa = PBXNativeTarget;
			buildConfigurationList = 65DF19C01A1DDA4700EB02A2 /* Build configuration list for PBXNativeTarget "WatchDemo WatchKit Extension" */;
			buildPhases = (
				65DF19961A1DDA4700EB02A2 /* Sources */,
				65DF19971A1DDA4700EB02A2 /* Frameworks */,
				65DF19981A1DDA4700EB02A2 /* Resources */,
			);
			buildRules = (
			);
			dependencies = (
				65DF19B21A1DDA4700EB02A2 /* PBXTargetDependency */,
			);
			name = "WatchDemo WatchKit Extension";
			productName = "WatchDemo WatchKit Extension";
			productReference = 65DF199A1A1DDA4700EB02A2 /* WatchDemo WatchKit Extension.appex */;
			productType = "com.apple.product-type.watchkit-extension";
		};
		65DF19AE1A1DDA4700EB02A2 /* WatchDemo Watch App */ = {
			isa = PBXNativeTarget;
			buildConfigurationList = 65DF19BD1A1DDA4700EB02A2 /* Build configuration list for PBXNativeTarget "WatchDemo Watch App" */;
			buildPhases = (
				65DF19AD1A1DDA4700EB02A2 /* Resources */,
			);
			buildRules = (
			);
			dependencies = (
			);
			name = "WatchDemo Watch App";
			productName = "WatchDemo Watch App";
			productReference = 65DF19AF1A1DDA4700EB02A2 /* WatchDemo Watch App.app */;
			productType = "com.apple.product-type.application.watchapp";
		};
/* End PBXNativeTarget section */

/* Begin PBXProject section */
		65DF19651A1DD82400EB02A2 /* Project object */ = {
			isa = PBXProject;
			attributes = {
				LastUpgradeCheck = 0620;
				ORGANIZATIONNAME = Rannie;
				TargetAttributes = {
					65DF196C1A1DD82400EB02A2 = {
						CreatedOnToolsVersion = 6.2;
					};
					65DF19851A1DD82400EB02A2 = {
						CreatedOnToolsVersion = 6.2;
						TestTargetID = 65DF196C1A1DD82400EB02A2;
					};
					65DF19991A1DDA4700EB02A2 = {
						CreatedOnToolsVersion = 6.2;
					};
					65DF19AE1A1DDA4700EB02A2 = {
						CreatedOnToolsVersion = 6.2;
					};
				};
			};
			buildConfigurationList = 65DF19681A1DD82400EB02A2 /* Build configuration list for PBXProject "WatchDemo" */;
			compatibilityVersion = "Xcode 3.2";
			developmentRegion = English;
			hasScannedForEncodings = 0;
			knownRegions = (
				en,
				Base,
			);
			mainGroup = 65DF19641A1DD82400EB02A2;
			productRefGroup = 65DF196E1A1DD82400EB02A2 /* Products */;
			projectDirPath = "";
			projectRoot = "";
			targets = (
				65DF196C1A1DD82400EB02A2 /* WatchDemo */,
				65DF19851A1DD82400EB02A2 /* WatchDemoTests */,
				65DF19991A1DDA4700EB02A2 /* WatchDemo WatchKit Extension */,
				65DF19AE1A1DDA4700EB02A2 /* WatchDemo Watch App */,
			);
		};
/* End PBXProject section */

/* Begin PBXResourcesBuildPhase section */
		65DF196B1A1DD82400EB02A2 /* Resources */ = {
			isa = PBXResourcesBuildPhase;
			buildActionMask = 2147483647;
			files = (
				65DF197C1A1DD82400EB02A2 /* Main.storyboard in Resources */,
				65DF19811A1DD82400EB02A2 /* LaunchScreen.xib in Resources */,
				65DF197E1A1DD82400EB02A2 /* Images.xcassets in Resources */,
			);
			runOnlyForDeploymentPostprocessing = 0;
		};
		65DF19841A1DD82400EB02A2 /* Resources */ = {
			isa = PBXResourcesBuildPhase;
			buildActionMask = 2147483647;
			files = (
			);
			runOnlyForDeploymentPostprocessing = 0;
		};
		65DF19981A1DDA4700EB02A2 /* Resources */ = {
			isa = PBXResourcesBuildPhase;
			buildActionMask = 2147483647;
			files = (
				65DF19B01A1DDA4700EB02A2 /* WatchDemo Watch App.app in Resources */,
				65DF19AC1A1DDA4700EB02A2 /* Images.xcassets in Resources */,
			);
			runOnlyForDeploymentPostprocessing = 0;
		};
		65DF19AD1A1DDA4700EB02A2 /* Resources */ = {
			isa = PBXResourcesBuildPhase;
			buildActionMask = 2147483647;
			files = (
				65DF19B71A1DDA4700EB02A2 /* Interface.storyboard in Resources */,
				65DF19B91A1DDA4700EB02A2 /* Images.xcassets in Resources */,
			);
			runOnlyForDeploymentPostprocessing = 0;
		};
/* End PBXResourcesBuildPhase section */

/* Begin PBXSourcesBuildPhase section */
		65DF19691A1DD82400EB02A2 /* Sources */ = {
			isa = PBXSourcesBuildPhase;
			buildActionMask = 2147483647;
			files = (
				65DF19791A1DD82400EB02A2 /* ViewController.m in Sources */,
				65DF19761A1DD82400EB02A2 /* AppDelegate.m in Sources */,
				65DF19731A1DD82400EB02A2 /* main.m in Sources */,
			);
			runOnlyForDeploymentPostprocessing = 0;
		};
		65DF19821A1DD82400EB02A2 /* Sources */ = {
			isa = PBXSourcesBuildPhase;
			buildActionMask = 2147483647;
			files = (
				65DF198D1A1DD82400EB02A2 /* WatchDemoTests.m in Sources */,
			);
			runOnlyForDeploymentPostprocessing = 0;
		};
		65DF19961A1DDA4700EB02A2 /* Sources */ = {
			isa = PBXSourcesBuildPhase;
			buildActionMask = 2147483647;
			files = (
				65DF19A71A1DDA4700EB02A2 /* NotificationController.m in Sources */,
				65DF19A41A1DDA4700EB02A2 /* InterfaceController.m in Sources */,
				65DF19AA1A1DDA4700EB02A2 /* GlanceController.m in Sources */,
			);
			runOnlyForDeploymentPostprocessing = 0;
		};
/* End PBXSourcesBuildPhase section */

/* Begin PBXTargetDependency section */
		65DF19881A1DD82400EB02A2 /* PBXTargetDependency */ = {
			isa = PBXTargetDependency;
			target = 65DF196C1A1DD82400EB02A2 /* WatchDemo */;
			targetProxy = 65DF19871A1DD82400EB02A2 /* PBXContainerItemProxy */;
		};
		65DF19B21A1DDA4700EB02A2 /* PBXTargetDependency */ = {
			isa = PBXTargetDependency;
			target = 65DF19AE1A1DDA4700EB02A2 /* WatchDemo Watch App */;
			targetProxy = 65DF19B11A1DDA4700EB02A2 /* PBXContainerItemProxy */;
		};
		65DF19BB1A1DDA4700EB02A2 /* PBXTargetDependency */ = {
			isa = PBXTargetDependency;
			target = 65DF19991A1DDA4700EB02A2 /* WatchDemo WatchKit Extension */;
			targetProxy = 65DF19BA1A1DDA4700EB02A2 /* PBXContainerItemProxy */;
		};
/* End PBXTargetDependency section */

/* Begin PBXVariantGroup section */
		65DF197A1A1DD82400EB02A2 /* Main.storyboard */ = {
			isa = PBXVariantGroup;
			children = (
				65DF197B1A1DD82400EB02A2 /* Base */,
			);
			name = Main.storyboard;
			sourceTree = "<group>";
		};
		65DF197F1A1DD82400EB02A2 /* LaunchScreen.xib */ = {
			isa = PBXVariantGroup;
			children = (
				65DF19801A1DD82400EB02A2 /* Base */,
			);
			name = LaunchScreen.xib;
			sourceTree = "<group>";
		};
/* End PBXVariantGroup section */

/* Begin XCBuildConfiguration section */
		65DF198E1A1DD82400EB02A2 /* Debug */ = {
			isa = XCBuildConfiguration;
			buildSettings = {
				ALWAYS_SEARCH_USER_PATHS = NO;
				CLANG_CXX_LANGUAGE_STANDARD = "gnu++0x";
				CLANG_CXX_LIBRARY = "libc++";
				CLANG_ENABLE_MODULES = YES;
				CLANG_ENABLE_OBJC_ARC = YES;
				CLANG_WARN_BOOL_CONVERSION = YES;
				CLANG_WARN_CONSTANT_CONVERSION = YES;
				CLANG_WARN_DIRECT_OBJC_ISA_USAGE = YES_ERROR;
				CLANG_WARN_EMPTY_BODY = YES;
				CLANG_WARN_ENUM_CONVERSION = YES;
				CLANG_WARN_INT_CONVERSION = YES;
				CLANG_WARN_OBJC_ROOT_CLASS = YES_ERROR;
				CLANG_WARN_UNREACHABLE_CODE = YES;
				CLANG_WARN__DUPLICATE_METHOD_MATCH = YES;
				"CODE_SIGN_IDENTITY[sdk=iphoneos*]" = "iPhone Developer";
				COPY_PHASE_STRIP = NO;
				ENABLE_STRICT_OBJC_MSGSEND = YES;
				GCC_C_LANGUAGE_STANDARD = gnu99;
				GCC_DYNAMIC_NO_PIC = NO;
				GCC_OPTIMIZATION_LEVEL = 0;
				GCC_PREPROCESSOR_DEFINITIONS = (
					"DEBUG=1",
					"$(inherited)",
				);
				GCC_SYMBOLS_PRIVATE_EXTERN = NO;
				GCC_WARN_64_TO_32_BIT_CONVERSION = YES;
				GCC_WARN_ABOUT_RETURN_TYPE = YES_ERROR;
				GCC_WARN_UNDECLARED_SELECTOR = YES;
				GCC_WARN_UNINITIALIZED_AUTOS = YES_AGGRESSIVE;
				GCC_WARN_UNUSED_FUNCTION = YES;
				GCC_WARN_UNUSED_VARIABLE = YES;
				IPHONEOS_DEPLOYMENT_TARGET = 8.2;
				MTL_ENABLE_DEBUG_INFO = YES;
				ONLY_ACTIVE_ARCH = YES;
				SDKROOT = iphoneos;
			};
			name = Debug;
		};
		65DF198F1A1DD82400EB02A2 /* Release */ = {
			isa = XCBuildConfiguration;
			buildSettings = {
				ALWAYS_SEARCH_USER_PATHS = NO;
				CLANG_CXX_LANGUAGE_STANDARD = "gnu++0x";
				CLANG_CXX_LIBRARY = "libc++";
				CLANG_ENABLE_MODULES = YES;
				CLANG_ENABLE_OBJC_ARC = YES;
				CLANG_WARN_BOOL_CONVERSION = YES;
				CLANG_WARN_CONSTANT_CONVERSION = YES;
				CLANG_WARN_DIRECT_OBJC_ISA_USAGE = YES_ERROR;
				CLANG_WARN_EMPTY_BODY = YES;
				CLANG_WARN_ENUM_CONVERSION = YES;
				CLANG_WARN_INT_CONVERSION = YES;
				CLANG_WARN_OBJC_ROOT_CLASS = YES_ERROR;
				CLANG_WARN_UNREACHABLE_CODE = YES;
				CLANG_WARN__DUPLICATE_METHOD_MATCH = YES;
				"CODE_SIGN_IDENTITY[sdk=iphoneos*]" = "iPhone Developer";
				COPY_PHASE_STRIP = YES;
				ENABLE_NS_ASSERTIONS = NO;
				ENABLE_STRICT_OBJC_MSGSEND = YES;
				GCC_C_LANGUAGE_STANDARD = gnu99;
				GCC_WARN_64_TO_32_BIT_CONVERSION = YES;
				GCC_WARN_ABOUT_RETURN_TYPE = YES_ERROR;
				GCC_WARN_UNDECLARED_SELECTOR = YES;
				GCC_WARN_UNINITIALIZED_AUTOS = YES_AGGRESSIVE;
				GCC_WARN_UNUSED_FUNCTION = YES;
				GCC_WARN_UNUSED_VARIABLE = YES;
				IPHONEOS_DEPLOYMENT_TARGET = 8.2;
				MTL_ENABLE_DEBUG_INFO = NO;
				SDKROOT = iphoneos;
				VALIDATE_PRODUCT = YES;
			};
			name = Release;
		};
		65DF19911A1DD82400EB02A2 /* Debug */ = {
			isa = XCBuildConfiguration;
			buildSettings = {
				ASSETCATALOG_COMPILER_APPICON_NAME = AppIcon;
				INFOPLIST_FILE = WatchDemo/Info.plist;
				LD_RUNPATH_SEARCH_PATHS = "$(inherited) @executable_path/Frameworks";
				PRODUCT_NAME = "$(TARGET_NAME)";
			};
			name = Debug;
		};
		65DF19921A1DD82400EB02A2 /* Release */ = {
			isa = XCBuildConfiguration;
			buildSettings = {
				ASSETCATALOG_COMPILER_APPICON_NAME = AppIcon;
				INFOPLIST_FILE = WatchDemo/Info.plist;
				LD_RUNPATH_SEARCH_PATHS = "$(inherited) @executable_path/Frameworks";
				PRODUCT_NAME = "$(TARGET_NAME)";
			};
			name = Release;
		};
		65DF19941A1DD82400EB02A2 /* Debug */ = {
			isa = XCBuildConfiguration;
			buildSettings = {
				BUNDLE_LOADER = "$(TEST_HOST)";
				FRAMEWORK_SEARCH_PATHS = (
					"$(SDKROOT)/Developer/Library/Frameworks",
					"$(inherited)",
				);
				GCC_PREPROCESSOR_DEFINITIONS = (
					"DEBUG=1",
					"$(inherited)",
				);
				INFOPLIST_FILE = WatchDemoTests/Info.plist;
				LD_RUNPATH_SEARCH_PATHS = "$(inherited) @executable_path/Frameworks @loader_path/Frameworks";
				PRODUCT_NAME = "$(TARGET_NAME)";
				TEST_HOST = "$(BUILT_PRODUCTS_DIR)/WatchDemo.app/WatchDemo";
			};
			name = Debug;
		};
		65DF19951A1DD82400EB02A2 /* Release */ = {
			isa = XCBuildConfiguration;
			buildSettings = {
				BUNDLE_LOADER = "$(TEST_HOST)";
				FRAMEWORK_SEARCH_PATHS = (
					"$(SDKROOT)/Developer/Library/Frameworks",
					"$(inherited)",
				);
				INFOPLIST_FILE = WatchDemoTests/Info.plist;
				LD_RUNPATH_SEARCH_PATHS = "$(inherited) @executable_path/Frameworks @loader_path/Frameworks";
				PRODUCT_NAME = "$(TARGET_NAME)";
				TEST_HOST = "$(BUILT_PRODUCTS_DIR)/WatchDemo.app/WatchDemo";
			};
			name = Release;
		};
		65DF19BE1A1DDA4700EB02A2 /* Debug */ = {
			isa = XCBuildConfiguration;
			buildSettings = {
				ASSETCATALOG_COMPILER_APPICON_NAME = AppIcon;
				ASSETCATALOG_COMPILER_LAUNCHIMAGE_NAME = LaunchImage;
				GCC_PREPROCESSOR_DEFINITIONS = (
					"DEBUG=1",
					"$(inherited)",
				);
				IBSC_MODULE = WatchDemo_WatchKit_Extension;
				INFOPLIST_FILE = "WatchDemo Watch App/Info.plist";
				PRODUCT_NAME = "$(TARGET_NAME)";
				SKIP_INSTALL = YES;
				TARGETED_DEVICE_FAMILY = 4;
				"TARGETED_DEVICE_FAMILY[sdk=iphonesimulator*]" = "1,4";
			};
			name = Debug;
		};
		65DF19BF1A1DDA4700EB02A2 /* Release */ = {
			isa = XCBuildConfiguration;
			buildSettings = {
				ASSETCATALOG_COMPILER_APPICON_NAME = AppIcon;
				ASSETCATALOG_COMPILER_LAUNCHIMAGE_NAME = LaunchImage;
				IBSC_MODULE = WatchDemo_WatchKit_Extension;
				INFOPLIST_FILE = "WatchDemo Watch App/Info.plist";
				PRODUCT_NAME = "$(TARGET_NAME)";
				SKIP_INSTALL = YES;
				TARGETED_DEVICE_FAMILY = 4;
				"TARGETED_DEVICE_FAMILY[sdk=iphonesimulator*]" = "1,4";
			};
			name = Release;
		};
		65DF19C11A1DDA4700EB02A2 /* Debug */ = {
			isa = XCBuildConfiguration;
			buildSettings = {
				GCC_PREPROCESSOR_DEFINITIONS = (
					"DEBUG=1",
					"$(inherited)",
				);
				INFOPLIST_FILE = "WatchDemo WatchKit Extension/Info.plist";
				LD_RUNPATH_SEARCH_PATHS = "$(inherited) @executable_path/Frameworks @executable_path/../../Frameworks";
				PRODUCT_NAME = "${TARGET_NAME}";
				SKIP_INSTALL = YES;
			};
			name = Debug;
		};
		65DF19C21A1DDA4700EB02A2 /* Release */ = {
			isa = XCBuildConfiguration;
			buildSettings = {
				INFOPLIST_FILE = "WatchDemo WatchKit Extension/Info.plist";
				LD_RUNPATH_SEARCH_PATHS = "$(inherited) @executable_path/Frameworks @executable_path/../../Frameworks";
				PRODUCT_NAME = "${TARGET_NAME}";
				SKIP_INSTALL = YES;
			};
			name = Release;
		};
/* End XCBuildConfiguration section */

/* Begin XCConfigurationList section */
		65DF19681A1DD82400EB02A2 /* Build configuration list for PBXProject "WatchDemo" */ = {
			isa = XCConfigurationList;
			buildConfigurations = (
				65DF198E1A1DD82400EB02A2 /* Debug */,
				65DF198F1A1DD82400EB02A2 /* Release */,
			);
			defaultConfigurationIsVisible = 0;
			defaultConfigurationName = Release;
		};
		65DF19901A1DD82400EB02A2 /* Build configuration list for PBXNativeTarget "WatchDemo" */ = {
			isa = XCConfigurationList;
			buildConfigurations = (
				65DF19911A1DD82400EB02A2 /* Debug */,
				65DF19921A1DD82400EB02A2 /* Release */,
			);
			defaultConfigurationIsVisible = 0;
		};
		65DF19931A1DD82400EB02A2 /* Build configuration list for PBXNativeTarget "WatchDemoTests" */ = {
			isa = XCConfigurationList;
			buildConfigurations = (
				65DF19941A1DD82400EB02A2 /* Debug */,
				65DF19951A1DD82400EB02A2 /* Release */,
			);
			defaultConfigurationIsVisible = 0;
		};
		65DF19BD1A1DDA4700EB02A2 /* Build configuration list for PBXNativeTarget "WatchDemo Watch App" */ = {
			isa = XCConfigurationList;
			buildConfigurations = (
				65DF19BE1A1DDA4700EB02A2 /* Debug */,
				65DF19BF1A1DDA4700EB02A2 /* Release */,
			);
			defaultConfigurationIsVisible = 0;
		};
		65DF19C01A1DDA4700EB02A2 /* Build configuration list for PBXNativeTarget "WatchDemo WatchKit Extension" */ = {
			isa = XCConfigurationList;
			buildConfigurations = (
				65DF19C11A1DDA4700EB02A2 /* Debug */,
				65DF19C21A1DDA4700EB02A2 /* Release */,
			);
			defaultConfigurationIsVisible = 0;
		};
/* End XCConfigurationList section */
	};
	rootObject = 65DF19651A1DD82400EB02A2 /* Project object */;
}
